{
  "name": "floorpro-admin-frontend",
  "lockfileVersion": 3,
  "requires": true,
  "packages": {
    "": {
      "dependencies": {
        "file-saver": "^2.0.5",
        "js-base64": "^3.7.5",
        "react-file-download": "^0.3.5"
      }
    },
    "node_modules/file-saver": {
      "version": "2.0.5",
      "resolved": "https://registry.npmjs.org/file-saver/-/file-saver-2.0.5.tgz",
      "integrity": "sha512-P9bmyZ3h/PRG+Nzga+rbdI4OEpNDzAVyy74uVO9ATgzLK6VtAsYybF/+TOCvrc0MO793d6+42lLyZTw7/ArVzA=="
    },
    "node_modules/js-base64": {
      "version": "3.7.5",
      "resolved": "https://registry.npmjs.org/js-base64/-/js-base64-3.7.5.tgz",
      "integrity": "sha512-3MEt5DTINKqfScXKfJFrRbxkrnk2AxPWGBL/ycjz4dK8iqiSJ06UxD8jh8xuh6p10TX4t2+7FsBYVxxQbMg+qA=="
    },
    "node_modules/react-file-download": {
      "version": "0.3.5",
      "resolved": "https://registry.npmjs.org/react-file-download/-/react-file-download-0.3.5.tgz",
      "integrity": "sha512-gP867caQCviTw2IUQTMTOFgHn2A71zoLYzHr4KkOI0gkwc1m4ceb/dxNOkG4yB8Hent2+G3f4qbr9Rzb9yZouw==",
      "deprecated": "WARNING: This project has been renamed to js-file-download. Use js-file-download instead."
    }
  }
}
